
Microsoft Visual Studio Solution File, Format Version 12.00
# Visual Studio Version 17
VisualStudioVersion = 17.3.32929.385
MinimumVisualStudioVersion = 10.0.40219.1
Project("{FAE04EC0-301F-11D3-BF4B-00C04F79EFBC}") = "lab6t1", "lab6t1\lab6t1.csproj", "{3D73BB47-9B2B-4761-81EE-662638ADD3B8}"
EndProject
Global
	GlobalSection(SolutionConfigurationPlatforms) = preSolution
		Debug|Any CPU = Debug|Any CPU
		Release|Any CPU = Release|Any CPU
	EndGlobalSection
	GlobalSection(ProjectConfigurationPlatforms) = postSolution
		{3D73BB47-9B2B-4761-81EE-662638ADD3B8}.Debug|Any CPU.ActiveCfg = Debug|Any CPU
		{3D73BB47-9B2B-4761-81EE-662638ADD3B8}.Debug|Any CPU.Build.0 = Debug|Any CPU
		{3D73BB47-9B2B-4761-81EE-662638ADD3B8}.Release|Any CPU.ActiveCfg = Release|Any CPU
		{3D73BB47-9B2B-4761-81EE-662638ADD3B8}.Release|Any CPU.Build.0 = Release|Any CPU
	EndGlobalSection
	GlobalSection(SolutionProperties) = preSolution
		HideSolutionNode = FALSE
	EndGlobalSection
	GlobalSection(ExtensibilityGlobals) = postSolution
		SolutionGuid = {3F7A2C5D-8245-4A03-A06E-6D9A3953FF6F}
	EndGlobalSection
EndGlobal
